
Microsoft Visual Studio Solution File, Format Version 12.00
# Visual Studio Version 17
VisualStudioVersion = 17.9.34701.34
MinimumVisualStudioVersion = 10.0.40219.1
Project("{FAE04EC0-301F-11D3-BF4B-00C04F79EFBC}") = "Weekly mini project -level 1.", "..\Weekly mini project -level 1\Weekly mini project -level 1\Weekly mini project -level 1..csproj", "{09CC4BA3-EEB2-4A60-974C-2EFE1F624E44}"
EndProject
Global
	GlobalSection(SolutionConfigurationPlatforms) = preSolution
		Debug|Any CPU = Debug|Any CPU
		Release|Any CPU = Release|Any CPU
	EndGlobalSection
	GlobalSection(ProjectConfigurationPlatforms) = postSolution
		{09CC4BA3-EEB2-4A60-974C-2EFE1F624E44}.Debug|Any CPU.ActiveCfg = Debug|Any CPU
		{09CC4BA3-EEB2-4A60-974C-2EFE1F624E44}.Debug|Any CPU.Build.0 = Debug|Any CPU
		{09CC4BA3-EEB2-4A60-974C-2EFE1F624E44}.Release|Any CPU.ActiveCfg = Release|Any CPU
		{09CC4BA3-EEB2-4A60-974C-2EFE1F624E44}.Release|Any CPU.Build.0 = Release|Any CPU
	EndGlobalSection
	GlobalSection(SolutionProperties) = preSolution
		HideSolutionNode = FALSE
	EndGlobalSection
	GlobalSection(ExtensibilityGlobals) = postSolution
		SolutionGuid = {50E1E615-B8C1-4413-9489-D0BC891B8579}
	EndGlobalSection
EndGlobal
